
Microsoft Visual Studio Solution File, Format Version 12.00
# Visual Studio Version 16
VisualStudioVersion = 16.0.29215.179
MinimumVisualStudioVersion = 10.0.40219.1
Project("{FAE04EC0-301F-11D3-BF4B-00C04F79EFBC}") = "StockApp", "StockApp.csproj", "{7389B99B-5FBA-40CF-AA3E-5C0BBC18CC7A}"
EndProject
Global
	GlobalSection(SolutionConfigurationPlatforms) = preSolution
		Debug|Any CPU = Debug|Any CPU
		Release|Any CPU = Release|Any CPU
	EndGlobalSection
	GlobalSection(ProjectConfigurationPlatforms) = postSolution
		{7389B99B-5FBA-40CF-AA3E-5C0BBC18CC7A}.Debug|Any CPU.ActiveCfg = Debug|Any CPU
		{7389B99B-5FBA-40CF-AA3E-5C0BBC18CC7A}.Debug|Any CPU.Build.0 = Debug|Any CPU
		{7389B99B-5FBA-40CF-AA3E-5C0BBC18CC7A}.Release|Any CPU.ActiveCfg = Release|Any CPU
		{7389B99B-5FBA-40CF-AA3E-5C0BBC18CC7A}.Release|Any CPU.Build.0 = Release|Any CPU
	EndGlobalSection
	GlobalSection(SolutionProperties) = preSolution
		HideSolutionNode = FALSE
	EndGlobalSection
	GlobalSection(ExtensibilityGlobals) = postSolution
		SolutionGuid = {1FC0F684-DB6C-4F6E-A050-944578DAC097}
	EndGlobalSection
EndGlobal
